
Microsoft Visual Studio Solution File, Format Version 12.00
# Visual Studio Version 17
VisualStudioVersion = 17.8.34525.116
MinimumVisualStudioVersion = 10.0.40219.1
Project("{9A19103F-16F7-4668-BE54-9A1E7A4F7556}") = "Api", "Api\Api.csproj", "{942CD6AE-25E1-486D-B36D-3E68AE29B1C5}"
EndProject
Project("{FAE04EC0-301F-11D3-BF4B-00C04F79EFBC}") = "Api.Business", "Api.Business\Api.Business.csproj", "{40D1742A-4851-4D23-8CA2-53C2A7A737A6}"
EndProject
Global
	GlobalSection(SolutionConfigurationPlatforms) = preSolution
		Debug|Any CPU = Debug|Any CPU
		Release|Any CPU = Release|Any CPU
	EndGlobalSection
	GlobalSection(ProjectConfigurationPlatforms) = postSolution
		{942CD6AE-25E1-486D-B36D-3E68AE29B1C5}.Debug|Any CPU.ActiveCfg = Debug|Any CPU
		{942CD6AE-25E1-486D-B36D-3E68AE29B1C5}.Debug|Any CPU.Build.0 = Debug|Any CPU
		{942CD6AE-25E1-486D-B36D-3E68AE29B1C5}.Release|Any CPU.ActiveCfg = Release|Any CPU
		{942CD6AE-25E1-486D-B36D-3E68AE29B1C5}.Release|Any CPU.Build.0 = Release|Any CPU
		{40D1742A-4851-4D23-8CA2-53C2A7A737A6}.Debug|Any CPU.ActiveCfg = Debug|Any CPU
		{40D1742A-4851-4D23-8CA2-53C2A7A737A6}.Debug|Any CPU.Build.0 = Debug|Any CPU
		{40D1742A-4851-4D23-8CA2-53C2A7A737A6}.Release|Any CPU.ActiveCfg = Release|Any CPU
		{40D1742A-4851-4D23-8CA2-53C2A7A737A6}.Release|Any CPU.Build.0 = Release|Any CPU
	EndGlobalSection
	GlobalSection(SolutionProperties) = preSolution
		HideSolutionNode = FALSE
	EndGlobalSection
	GlobalSection(ExtensibilityGlobals) = postSolution
		SolutionGuid = {E03A01B4-8FCC-4A53-9D5D-2D44E4ED138A}
	EndGlobalSection
EndGlobal
